// !$*UTF8*$!
{
	archiveVersion = 1;
	classes = {
	};
	objectVersion = 56;
	objects = {

/* Begin PBXBuildFile section */
		4438F6052F4AB59400917CCB /* espeak-ng-data in Resources */ = {isa = PBXBuildFile; fileRef = 4438F4B12F4AB59400917CCB /* espeak-ng-data */; };
		83CBB9F71A601CBA00E9B1B0 /* KittenTTSApp.swift in Sources */ = {isa = PBXBuildFile; fileRef = 83CBB9F71A601CBA00E9B1A0 /* KittenTTSApp.swift */; };
		83CBB9F71A601CBA00E9B1B1 /* ContentView.swift in Sources */ = {isa = PBXBuildFile; fileRef = 83CBB9F71A601CBA00E9B1A1 /* ContentView.swift */; };
		83CBB9F71A601CBA00E9B1B2 /* TTSEngine.swift in Sources */ = {isa = PBXBuildFile; fileRef = 83CBB9F71A601CBA00E9B1A2 /* TTSEngine.swift */; };
		83CBB9F71A601CBA00E9B1B3 /* AudioPlayerBar.swift in Sources */ = {isa = PBXBuildFile; fileRef = 83CBB9F71A601CBA00E9B1A3 /* AudioPlayerBar.swift */; };
		83CBB9F71A601CBA00E9B1B4 /* Assets.xcassets in Resources */ = {isa = PBXBuildFile; fileRef = 83CBB9F71A601CBA00E9B1A6 /* Assets.xcassets */; };
		83CBB9F71A601CBA00E9B1B6 /* KittenTTS.xcframework in Frameworks */ = {isa = PBXBuildFile; fileRef = 83CBB9F71A601CBA00E9B1A8 /* KittenTTS.xcframework */; };
/* End PBXBuildFile section */

/* Begin PBXFileReference section */
		4438F4B12F4AB59400917CCB /* espeak-ng-data */ = {isa = PBXFileReference; lastKnownFileType = folder; name = "espeak-ng-data"; path = "../espeak-ng-data"; sourceTree = SOURCE_ROOT; };
		83CBB9F71A601CBA00E9B19A /* KittenTTSApp.app */ = {isa = PBXFileReference; explicitFileType = wrapper.application; includeInIndex = 0; path = KittenTTSApp.app; sourceTree = BUILT_PRODUCTS_DIR; };
		83CBB9F71A601CBA00E9B1A0 /* KittenTTSApp.swift */ = {isa = PBXFileReference; lastKnownFileType = sourcecode.swift; path = KittenTTSApp.swift; sourceTree = "<group>"; };
		83CBB9F71A601CBA00E9B1A1 /* ContentView.swift */ = {isa = PBXFileReference; lastKnownFileType = sourcecode.swift; path = ContentView.swift; sourceTree = "<group>"; };
		83CBB9F71A601CBA00E9B1A2 /* TTSEngine.swift */ = {isa = PBXFileReference; lastKnownFileType = sourcecode.swift; path = TTSEngine.swift; sourceTree = "<group>"; };
		83CBB9F71A601CBA00E9B1A3 /* AudioPlayerBar.swift */ = {isa = PBXFileReference; lastKnownFileType = sourcecode.swift; path = AudioPlayerBar.swift; sourceTree = "<group>"; };
		83CBB9F71A601CBA00E9B1A4 /* KittenTTS-Bridging-Header.h */ = {isa = PBXFileReference; lastKnownFileType = sourcecode.c.h; path = "KittenTTS-Bridging-Header.h"; sourceTree = "<group>"; };
		83CBB9F71A601CBA00E9B1A5 /* Info.plist */ = {isa = PBXFileReference; lastKnownFileType = text.plist.xml; path = Info.plist; sourceTree = "<group>"; };
		83CBB9F71A601CBA00E9B1A6 /* Assets.xcassets */ = {isa = PBXFileReference; lastKnownFileType = folder.assetcatalog; path = Assets.xcassets; sourceTree = "<group>"; };
		83CBB9F71A601CBA00E9B1A8 /* KittenTTS.xcframework */ = {isa = PBXFileReference; lastKnownFileType = wrapper.xcframework; name = KittenTTS.xcframework; path = ../KittenTTS.xcframework; sourceTree = SOURCE_ROOT; };
/* End PBXFileReference section */

/* Begin PBXFrameworksBuildPhase section */
		83CBB9F71A601CBA00E9B1D1 /* Frameworks */ = {
			isa = PBXFrameworksBuildPhase;
			buildActionMask = 2147483647;
			files = (
				83CBB9F71A601CBA00E9B1B6 /* KittenTTS.xcframework in Frameworks */,
			);
			runOnlyForDeploymentPostprocessing = 0;
		};
/* End PBXFrameworksBuildPhase section */

/* Begin PBXGroup section */
		83CBB9F71A601CBA00E9B1C0 = {
			isa = PBXGroup;
			children = (
				83CBB9F71A601CBA00E9B1C1 /* KittenTTSApp */,
				83CBB9F71A601CBA00E9B1C3 /* Frameworks */,
				83CBB9F71A601CBA00E9B1C2 /* Products */,
			);
			sourceTree = "<group>";
		};
		83CBB9F71A601CBA00E9B1C1 /* KittenTTSApp */ = {
			isa = PBXGroup;
			children = (
				83CBB9F71A601CBA00E9B1A0 /* KittenTTSApp.swift */,
				83CBB9F71A601CBA00E9B1A1 /* ContentView.swift */,
				83CBB9F71A601CBA00E9B1A2 /* TTSEngine.swift */,
				83CBB9F71A601CBA00E9B1A3 /* AudioPlayerBar.swift */,
				83CBB9F71A601CBA00E9B1A4 /* KittenTTS-Bridging-Header.h */,
				83CBB9F71A601CBA00E9B1A5 /* Info.plist */,
				83CBB9F71A601CBA00E9B1A6 /* Assets.xcassets */,
			);
			path = KittenTTSApp;
			sourceTree = "<group>";
		};
		83CBB9F71A601CBA00E9B1C2 /* Products */ = {
			isa = PBXGroup;
			children = (
				83CBB9F71A601CBA00E9B19A /* KittenTTSApp.app */,
			);
			name = Products;
			sourceTree = "<group>";
		};
		83CBB9F71A601CBA00E9B1C3 /* Frameworks */ = {
			isa = PBXGroup;
			children = (
				83CBB9F71A601CBA00E9B1A8 /* KittenTTS.xcframework */,
				4438F4B12F4AB59400917CCB /* espeak-ng-data */,
			);
			name = Frameworks;
			sourceTree = "<group>";
		};
/* End PBXGroup section */

/* Begin PBXNativeTarget section */
		83CBB9F71A601CBA00E9B199 /* KittenTTSApp */ = {
			isa = PBXNativeTarget;
			buildConfigurationList = 83CBB9F71A601CBA00E9B194 /* Build configuration list for PBXNativeTarget "KittenTTSApp" */;
			buildPhases = (
				83CBB9F71A601CBA00E9B1D3 /* Check KittenTTS.xcframework */,
				83CBB9F71A601CBA00E9B1D0 /* Sources */,
				83CBB9F71A601CBA00E9B1D1 /* Frameworks */,
				83CBB9F71A601CBA00E9B1D2 /* Resources */,
			);
			buildRules = (
			);
			dependencies = (
			);
			name = KittenTTSApp;
			productName = KittenTTSApp;
			productReference = 83CBB9F71A601CBA00E9B19A /* KittenTTSApp.app */;
			productType = "com.apple.product-type.application";
		};
/* End PBXNativeTarget section */

/* Begin PBXProject section */
		83CBB9F71A601CBA00E9B192 /* Project object */ = {
			isa = PBXProject;
			attributes = {
				BuildIndependentTargetsInParallel = 1;
				LastSwiftUpdateCheck = 1500;
				LastUpgradeCheck = 1500;
				TargetAttributes = {
					83CBB9F71A601CBA00E9B199 = {
						CreatedOnToolsVersion = 15.0;
					};
				};
			};
			buildConfigurationList = 83CBB9F71A601CBA00E9B193 /* Build configuration list for PBXProject "KittenTTSApp" */;
			compatibilityVersion = "Xcode 14.0";
			developmentRegion = en;
			hasScannedForEncodings = 0;
			knownRegions = (
				en,
				Base,
			);
			mainGroup = 83CBB9F71A601CBA00E9B1C0;
			productRefGroup = 83CBB9F71A601CBA00E9B1C2 /* Products */;
			projectDirPath = "";
			projectRoot = "";
			targets = (
				83CBB9F71A601CBA00E9B199 /* KittenTTSApp */,
			);
		};
/* End PBXProject section */

/* Begin PBXResourcesBuildPhase section */
		83CBB9F71A601CBA00E9B1D2 /* Resources */ = {
			isa = PBXResourcesBuildPhase;
			buildActionMask = 2147483647;
			files = (
				4438F6052F4AB59400917CCB /* espeak-ng-data in Resources */,
				83CBB9F71A601CBA00E9B1B4 /* Assets.xcassets in Resources */,
			);
			runOnlyForDeploymentPostprocessing = 0;
		};
/* End PBXResourcesBuildPhase section */

/* Begin PBXShellScriptBuildPhase section */
		83CBB9F71A601CBA00E9B1D3 /* Check KittenTTS.xcframework */ = {
			isa = PBXShellScriptBuildPhase;
			buildActionMask = 2147483647;
			files = (
			);
			inputPaths = (
			);
			name = "Check KittenTTS.xcframework";
			outputPaths = (
				"$(DERIVED_FILE_DIR)/xcframework_check.stamp",
			);
			runOnlyForDeploymentPostprocessing = 0;
			shellPath = /bin/sh;
			shellScript = "XCFWK=\"${SRCROOT}/../KittenTTS.xcframework\"\nif [ ! -d \"${XCFWK}\" ]; then\n    echo \"error: KittenTTS.xcframework not found at ${XCFWK}\"\n    echo \"error: Run: bash ${SRCROOT}/../build_rust_ios.sh\"\n    exit 1\nfi\ntouch \"${DERIVED_FILE_DIR}/xcframework_check.stamp\"\n";
		};
/* End PBXShellScriptBuildPhase section */

/* Begin PBXSourcesBuildPhase section */
		83CBB9F71A601CBA00E9B1D0 /* Sources */ = {
			isa = PBXSourcesBuildPhase;
			buildActionMask = 2147483647;
			files = (
				83CBB9F71A601CBA00E9B1B0 /* KittenTTSApp.swift in Sources */,
				83CBB9F71A601CBA00E9B1B1 /* ContentView.swift in Sources */,
				83CBB9F71A601CBA00E9B1B2 /* TTSEngine.swift in Sources */,
				83CBB9F71A601CBA00E9B1B3 /* AudioPlayerBar.swift in Sources */,
			);
			runOnlyForDeploymentPostprocessing = 0;
		};
/* End PBXSourcesBuildPhase section */

/* Begin XCBuildConfiguration section */
		83CBB9F71A601CBA00E9B195 /* Debug */ = {
			isa = XCBuildConfiguration;
			buildSettings = {
				ALWAYS_SEARCH_USER_PATHS = NO;
				ASSETCATALOG_COMPILER_GENERATE_SWIFT_ASSET_SYMBOL_EXTENSIONS = YES;
				CLANG_ANALYZER_NONNULL = YES;
				CLANG_ANALYZER_NUMBER_OBJECT_CONVERSION = YES_AGGRESSIVE;
				CLANG_CXX_LANGUAGE_STANDARD = "gnu++20";
				CLANG_ENABLE_MODULES = YES;
				CLANG_ENABLE_OBJC_ARC = YES;
				CLANG_ENABLE_OBJC_WEAK = YES;
				CLANG_WARN_BLOCK_CAPTURE_AUTORELEASING = YES;
				CLANG_WARN_BOOL_CONVERSION = YES;
				CLANG_WARN_COMMA = YES;
				CLANG_WARN_CONSTANT_CONVERSION = YES;
				CLANG_WARN_DEPRECATED_OBJC_IMPLEMENTATIONS = YES;
				CLANG_WARN_DIRECT_OBJC_ISA_USAGE = YES_ERROR;
				CLANG_WARN_DOCUMENTATION_COMMENTS = YES;
				CLANG_WARN_EMPTY_BODY = YES;
				CLANG_WARN_ENUM_CONVERSION = YES;
				CLANG_WARN_INFINITE_RECURSION = YES;
				CLANG_WARN_INT_CONVERSION = YES;
				CLANG_WARN_NON_LITERAL_NULL_CONVERSION = YES;
				CLANG_WARN_OBJC_IMPLICIT_RETAIN_CYCLE = YES;
				CLANG_WARN_OBJC_LITERAL_CONVERSION = YES;
				CLANG_WARN_OBJC_ROOT_CLASS = YES_ERROR;
				CLANG_WARN_QUOTED_INCLUDE_IN_FRAMEWORK_HEADER = YES;
				CLANG_WARN_RANGE_LOOP_ANALYSIS = YES;
				CLANG_WARN_STRICT_PROTOTYPES = YES;
				CLANG_WARN_SUSPICIOUS_MOVE = YES;
				CLANG_WARN_UNGUARDED_AVAILABILITY = YES_AGGRESSIVE;
				CLANG_WARN_UNREACHABLE_CODE = YES;
				CLANG_WARN__DUPLICATE_METHOD_MATCH = YES;
				COPY_PHASE_STRIP = NO;
				DEBUG_INFORMATION_FORMAT = dwarf;
				ENABLE_STRICT_OBJC_MSGSEND = YES;
				ENABLE_TESTABILITY = YES;
				ENABLE_USER_SCRIPT_SANDBOXING = YES;
				GCC_C_LANGUAGE_STANDARD = gnu17;
				GCC_DYNAMIC_NO_PIC = NO;
				GCC_NO_COMMON_BLOCKS = YES;
				GCC_OPTIMIZATION_LEVEL = 0;
				GCC_PREPROCESSOR_DEFINITIONS = (
					"DEBUG=1",
					"$(inherited)",
				);
				GCC_WARN_64_TO_32_BIT_CONVERSION = YES;
				GCC_WARN_ABOUT_RETURN_TYPE = YES_ERROR;
				GCC_WARN_UNDECLARED_SELECTOR = YES;
				GCC_WARN_UNINITIALIZED_AUTOS = YES_AGGRESSIVE;
				GCC_WARN_UNUSED_FUNCTION = YES;
				GCC_WARN_UNUSED_VARIABLE = YES;
				IPHONEOS_DEPLOYMENT_TARGET = 16.0;
				MTL_ENABLE_DEBUG_INFO = INCLUDE_SOURCE;
				MTL_FAST_MATH = YES;
				ONLY_ACTIVE_ARCH = YES;
				SDKROOT = iphoneos;
				SWIFT_ACTIVE_COMPILATION_CONDITIONS = "DEBUG $(inherited)";
				SWIFT_OPTIMIZATION_LEVEL = "-Onone";
			};
			name = Debug;
		};
		83CBB9F71A601CBA00E9B196 /* Release */ = {
			isa = XCBuildConfiguration;
			buildSettings = {
				ALWAYS_SEARCH_USER_PATHS = NO;
				ASSETCATALOG_COMPILER_GENERATE_SWIFT_ASSET_SYMBOL_EXTENSIONS = YES;
				CLANG_ANALYZER_NONNULL = YES;
				CLANG_ANALYZER_NUMBER_OBJECT_CONVERSION = YES_AGGRESSIVE;
				CLANG_CXX_LANGUAGE_STANDARD = "gnu++20";
				CLANG_ENABLE_MODULES = YES;
				CLANG_ENABLE_OBJC_ARC = YES;
				CLANG_ENABLE_OBJC_WEAK = YES;
				CLANG_WARN_BLOCK_CAPTURE_AUTORELEASING = YES;
				CLANG_WARN_BOOL_CONVERSION = YES;
				CLANG_WARN_COMMA = YES;
				CLANG_WARN_CONSTANT_CONVERSION = YES;
				CLANG_WARN_DEPRECATED_OBJC_IMPLEMENTATIONS = YES;
				CLANG_WARN_DIRECT_OBJC_ISA_USAGE = YES_ERROR;
				CLANG_WARN_DOCUMENTATION_COMMENTS = YES;
				CLANG_WARN_EMPTY_BODY = YES;
				CLANG_WARN_ENUM_CONVERSION = YES;
				CLANG_WARN_INFINITE_RECURSION = YES;
				CLANG_WARN_INT_CONVERSION = YES;
				CLANG_WARN_NON_LITERAL_NULL_CONVERSION = YES;
				CLANG_WARN_OBJC_IMPLICIT_RETAIN_CYCLE = YES;
				CLANG_WARN_OBJC_LITERAL_CONVERSION = YES;
				CLANG_WARN_OBJC_ROOT_CLASS = YES_ERROR;
				CLANG_WARN_QUOTED_INCLUDE_IN_FRAMEWORK_HEADER = YES;
				CLANG_WARN_RANGE_LOOP_ANALYSIS = YES;
				CLANG_WARN_STRICT_PROTOTYPES = YES;
				CLANG_WARN_SUSPICIOUS_MOVE = YES;
				CLANG_WARN_UNGUARDED_AVAILABILITY = YES_AGGRESSIVE;
				CLANG_WARN_UNREACHABLE_CODE = YES;
				CLANG_WARN__DUPLICATE_METHOD_MATCH = YES;
				COPY_PHASE_STRIP = NO;
				DEBUG_INFORMATION_FORMAT = "dwarf-with-dsym";
				ENABLE_NS_ASSERTIONS = NO;
				ENABLE_STRICT_OBJC_MSGSEND = YES;
				ENABLE_USER_SCRIPT_SANDBOXING = YES;
				GCC_C_LANGUAGE_STANDARD = gnu17;
				GCC_NO_COMMON_BLOCKS = YES;
				GCC_WARN_64_TO_32_BIT_CONVERSION = YES;
				GCC_WARN_ABOUT_RETURN_TYPE = YES_ERROR;
				GCC_WARN_UNDECLARED_SELECTOR = YES;
				GCC_WARN_UNINITIALIZED_AUTOS = YES_AGGRESSIVE;
				GCC_WARN_UNUSED_FUNCTION = YES;
				GCC_WARN_UNUSED_VARIABLE = YES;
				IPHONEOS_DEPLOYMENT_TARGET = 16.0;
				MTL_FAST_MATH = YES;
				SDKROOT = iphoneos;
				SWIFT_COMPILATION_MODE = wholemodule;
				VALIDATE_PRODUCT = YES;
			};
			name = Release;
		};
		83CBB9F71A601CBA00E9B197 /* Debug */ = {
			isa = XCBuildConfiguration;
			buildSettings = {
				ASSETCATALOG_COMPILER_APPICON_NAME = AppIcon;
				ASSETCATALOG_COMPILER_GLOBAL_ACCENT_COLOR_NAME = AccentColor;
				CODE_SIGN_STYLE = Automatic;
				CURRENT_PROJECT_VERSION = 1;
				DEVELOPMENT_ASSET_PATHS = "";
				DEVELOPMENT_TEAM = X5H47PTZCQ;
				ENABLE_PREVIEWS = YES;
				GENERATE_INFOPLIST_FILE = NO;
				HEADER_SEARCH_PATHS = (
					"$(inherited)",
					"$(PROJECT_DIR)/../../../include",
				);
				INFOPLIST_FILE = KittenTTSApp/Info.plist;
				IPHONEOS_DEPLOYMENT_TARGET = 16.0;
				LD_RUNPATH_SEARCH_PATHS = (
					"$(inherited)",
					"@executable_path/Frameworks",
				);
				LIBRARY_SEARCH_PATHS = "$(inherited)";
				MARKETING_VERSION = 1.0;
				OTHER_LDFLAGS = (
					"$(inherited)",
					"-lc++",
					"-lc++abi",
					"-framework",
					Foundation,
					"-framework",
					CoreFoundation,
					"-framework",
					AVFoundation,
				);
				PRODUCT_BUNDLE_IDENTIFIER = com.kittentts.KittenTTSApp;
				PRODUCT_NAME = "$(TARGET_NAME)";
				SWIFT_OBJC_BRIDGING_HEADER = "KittenTTSApp/KittenTTS-Bridging-Header.h";
				SWIFT_VERSION = 5.0;
				TARGETED_DEVICE_FAMILY = "1,2";
			};
			name = Debug;
		};
		83CBB9F71A601CBA00E9B198 /* Release */ = {
			isa = XCBuildConfiguration;
			buildSettings = {
				ASSETCATALOG_COMPILER_APPICON_NAME = AppIcon;
				ASSETCATALOG_COMPILER_GLOBAL_ACCENT_COLOR_NAME = AccentColor;
				CODE_SIGN_STYLE = Automatic;
				CURRENT_PROJECT_VERSION = 1;
				DEVELOPMENT_ASSET_PATHS = "";
				DEVELOPMENT_TEAM = X5H47PTZCQ;
				ENABLE_PREVIEWS = YES;
				GENERATE_INFOPLIST_FILE = NO;
				HEADER_SEARCH_PATHS = (
					"$(inherited)",
					"$(PROJECT_DIR)/../../../include",
				);
				INFOPLIST_FILE = KittenTTSApp/Info.plist;
				IPHONEOS_DEPLOYMENT_TARGET = 16.0;
				LD_RUNPATH_SEARCH_PATHS = (
					"$(inherited)",
					"@executable_path/Frameworks",
				);
				LIBRARY_SEARCH_PATHS = "$(inherited)";
				MARKETING_VERSION = 1.0;
				OTHER_LDFLAGS = (
					"$(inherited)",
					"-lc++",
					"-lc++abi",
					"-framework",
					Foundation,
					"-framework",
					CoreFoundation,
					"-framework",
					AVFoundation,
				);
				PRODUCT_BUNDLE_IDENTIFIER = com.kittentts.KittenTTSApp;
				PRODUCT_NAME = "$(TARGET_NAME)";
				SWIFT_OBJC_BRIDGING_HEADER = "KittenTTSApp/KittenTTS-Bridging-Header.h";
				SWIFT_VERSION = 5.0;
				TARGETED_DEVICE_FAMILY = "1,2";
			};
			name = Release;
		};
/* End XCBuildConfiguration section */

/* Begin XCConfigurationList section */
		83CBB9F71A601CBA00E9B193 /* Build configuration list for PBXProject "KittenTTSApp" */ = {
			isa = XCConfigurationList;
			buildConfigurations = (
				83CBB9F71A601CBA00E9B195 /* Debug */,
				83CBB9F71A601CBA00E9B196 /* Release */,
			);
			defaultConfigurationIsVisible = 0;
			defaultConfigurationName = Release;
		};
		83CBB9F71A601CBA00E9B194 /* Build configuration list for PBXNativeTarget "KittenTTSApp" */ = {
			isa = XCConfigurationList;
			buildConfigurations = (
				83CBB9F71A601CBA00E9B197 /* Debug */,
				83CBB9F71A601CBA00E9B198 /* Release */,
			);
			defaultConfigurationIsVisible = 0;
			defaultConfigurationName = Release;
		};
/* End XCConfigurationList section */
	};
	rootObject = 83CBB9F71A601CBA00E9B192 /* Project object */;
}
